github.com/ghodss/yaml v1.0.0 h1:wQHKEahhL6wmXdzwWG11gIVCkOv05bNOh+Rxn0yngAk=
github.com/ghodss/yaml v1.0.0/go.mod h1:4dBDuWmgqj2HViK6kFavaiC9ZROes6MMH2rRYeMEF04=
github.com/go-logr/logr v0.2.0/go.mod h1:z6/tIYblkpsD+a4lm/fGIIU9mZ+XfAiaFtq7xTgseGU=
github.com/go-sql-driver/mysql v1.4.1 h1:g24URVg0OFbNUTx9qqY1IRZ9D9z3iPyi5zKhQZpNwpA=
github.com/go-sql-driver/mysql v1.4.1/go.mod h1:zAC/RDZ24gD3HViQzih4MyKcchzm+sOG5ZlKdlhCg5w=
github.com/golang/protobuf v1.3.1/go.mod h1:6lQm79b+lXiMfvg/cZm0SGofjICqVBUtrP5yJMmIC1U=
github.com/lib/pq v1.3.0/go.mod h1:5WUZQaWbwv1U+lTReE5YruASi9Al49XbQIvNi/34Woo=
github.com/mattn/go-sqlite3 v1.10.0/go.mod h1:FPy6KqzDD04eiIsT53CuJW3U88zkxoIYsOqkbpncsNc=
github.com/xfali/fig v0.1.1 h1:X3CTxPJkVwl8Hf/GycOI2WuqhLOT2/fF2u7I+Vk+990=
github.com/xfali/fig v0.1.1/go.mod h1:My4IYRBWjrMtfwwIDQNwQiOqhjIDB6XrQ4hvF9lzby4=
github.com/xfali/gobatis v0.1.1/go.mod h1:nAml9g3T+vn1qDF5nLzSQM9t4l9Fu56GYQ33bYp5Mok=
github.com/xfali/gobatis v0.2.6 h1:+WR8utJrP027+B5Z1wtVpg98CsO3hZ1cyD3bcik4fNI=
github.com/xfali/gobatis v0.2.6/go.mod h1:3IWS/HF+VY3++H/lHz16vPa/ZFL8CId1y/xaTb1qmWM=
github.com/xfali/goutils v0.0.9 h1:Vnhf1K17NdPxfUO93FTameBlLuoDyof+QtdsVBzwOTk=
github.com/xfali/goutils v0.0.9/go.mod h1:Z1gZz5xVqHiSiwL+8GpzriqfQeGfV5ipSXsZFhnItSA=
github.com/xfali/loadbalance v0.0.1 h1:UVOuuDipJ740KyTaBUxTeW6UEC+fukiQCOn/5YQgexA=
github.com/xfali/loadbalance v0.0.1/go.mod h1:yrzHHRZMdt2wBpLnBDeU2zbjnRYeNvUWV6sq6+3KVG0=
github.com/xfali/neve-core v0.0.0-20200921145834-7b41a548987d h1:THewszajX2Q916RWwL3OLL3+lw2mhjQ4ljIGScGy9X0=
github.com/xfali/neve-core v0.0.0-20200921145834-7b41a548987d/go.mod h1:0NOfp2vPJnqitoKGCfC4AUkVUq4akZ53BPV4ex8BKQ4=
github.com/xfali/neve-core v0.0.0-20200922145451-9c9147e08d2f h1:xsob0rgXRPDFbnGV9K9pz8zYo+Qbfqo3P2FrvzKL9V8=
github.com/xfali/neve-core v0.0.0-20200922145451-9c9147e08d2f/go.mod h1:0NOfp2vPJnqitoKGCfC4AUkVUq4akZ53BPV4ex8BKQ4=
github.com/xfali/neve-utils v0.0.0-20200921141719-23ef4589da4c h1:dETojJ2AJzsmEQHymU0hmPbrxQ+vAmKj+0MEStDHjiA=
github.com/xfali/neve-utils v0.0.0-20200921141719-23ef4589da4c/go.mod h1:hgP9KgI3lgNuffuWt0BkHYf7CpxUF4GYTRy4yM/vsV8=
github.com/xfali/pagehelper v0.1.3 h1:q9rIaU4y+U8FBahhxWHVTCj+n1R8V92Tr6UqNy0VOWM=
github.com/xfali/pagehelper v0.1.3/go.mod h1:68Rwu9YvqttoFRgpWBJ8xW4Po7bBFUIPbgmyz2RfH6s=
github.com/xfali/xlog v0.0.9 h1:U0n9cle55l+pCpd3UdFrP8LCve5yWKtxBeJWgp64sVY=
github.com/xfali/xlog v0.0.9/go.mod h1:W9nEm+z16pEh1HAOW9m/GuVk1h9FE29jv1byivczWcw=
golang.org/x/crypto v0.0.0-20190308221718-c2843e01d9a2/go.mod h1:djNgcEr1/C05ACkg1iLfiJU5Ep61QUkGW8qpdssI0+w=
golang.org/x/net v0.0.0-20190603091049-60506f45cf65/go.mod h1:HSz+uSET+XFnRR8LxR5pz3Of3rY3CfYBVs4xY44aLks=
golang.org/x/sys v0.0.0-20190215142949-d0b11bdaac8a/go.mod h1:STP8DvDyc/dI5b8T5hshtkjS+E42TnysNCUPdjciGhY=
golang.org/x/text v0.3.0/go.mod h1:NqM8EUOU14njkJ3fqMW+pc6Ldnwhi/IjpwHt7yyuwOQ=
golang.org/x/text v0.3.2/go.mod h1:bEr9sfX3Q8Zfm5fL9x+3itogRgK3+ptLWKqgva+5dAk=
golang.org/x/tools v0.0.0-20180917221912-90fa682c2a6e/go.mod h1:n7NCudcB/nEzxVGmLbDWY5pfWTLqBcC2KZ6jyYvM4mQ=
google.golang.org/appengine v1.6.6 h1:lMO5rYAqUxkmaj76jAkRUvt5JZgFymx/+Q5Mzfivuhc=
google.golang.org/appengine v1.6.6/go.mod h1:8WjMMxjGQR8xUklV/ARdw2HLXBOI7O7uCIDZVag1xfc=
gopkg.in/check.v1 v0.0.0-20161208181325-20d25e280405 h1:yhCVgyC4o1eVCa2tZl7eS0r+SDo693bJlVdllGtEeKM=
gopkg.in/check.v1 v0.0.0-20161208181325-20d25e280405/go.mod h1:Co6ibVJAznAaIkqp8huTwlJQCZ016jof/cbN4VW5Yz0=
gopkg.in/yaml.v2 v2.3.0 h1:clyUAQHOM3G0M3f5vQj7LuJrETvjVot3Z5el9nffUtU=
gopkg.in/yaml.v2 v2.3.0/go.mod h1:hI93XBmqTisBFMUTm0b8Fm+jr3Dg1NNxqwp+5A1VGuI=
